
Microsoft Visual Studio Solution File, Format Version 12.00
# Visual Studio Version 17
VisualStudioVersion = 17.10.34928.147
MinimumVisualStudioVersion = 10.0.40219.1
Project("{FAE04EC0-301F-11D3-BF4B-00C04F79EFBC}") = "NadinSoftTask", "NadinSoftTask\NadinSoftTask.csproj", "{FE9AF5FA-B0F2-4780-AB89-D31761795933}"
EndProject
Project("{2150E333-8FDC-42A3-9474-1A3956D46DE8}") = "SRC", "SRC", "{40CC6C3C-6802-430F-B41A-AE7BAEAA26DC}"
EndProject
Project("{2150E333-8FDC-42A3-9474-1A3956D46DE8}") = "1.Domain", "1.Domain", "{27B9F3D3-BC36-4289-ACF0-96E0C8B3D080}"
EndProject
Project("{2150E333-8FDC-42A3-9474-1A3956D46DE8}") = "2.Infrastructure", "2.Infrastructure", "{DA42C1A8-62E9-4E03-A641-09D1D23C9785}"
EndProject
Project("{2150E333-8FDC-42A3-9474-1A3956D46DE8}") = "3.Endpoint", "3.Endpoint", "{58077BD7-7A1C-41D6-82C7-B6AC2E787388}"
EndProject
Project("{2150E333-8FDC-42A3-9474-1A3956D46DE8}") = "Core", "Core", "{99A2F7E2-3071-4538-B0DD-6418753E75D8}"
EndProject
Project("{2150E333-8FDC-42A3-9474-1A3956D46DE8}") = "Service", "Service", "{6AE587F9-B93C-43C8-B615-6ED9F52FC3F3}"
EndProject
Project("{FAE04EC0-301F-11D3-BF4B-00C04F79EFBC}") = "Core", "Core\Core.csproj", "{174046A5-EC9C-4D41-8782-F6343118F485}"
EndProject
Project("{2150E333-8FDC-42A3-9474-1A3956D46DE8}") = "Services", "Services", "{0EB47F6A-0888-4415-907A-54BA02C4D4B3}"
EndProject
Project("{2150E333-8FDC-42A3-9474-1A3956D46DE8}") = "AppServices", "AppServices", "{3B17CAE9-CEA5-48BD-9C55-693AADD4BF4E}"
EndProject
Project("{FAE04EC0-301F-11D3-BF4B-00C04F79EFBC}") = "Service", "Service\Service.csproj", "{702E5DB1-49FA-48FC-8F35-E1E0CFF49B46}"
EndProject
Project("{FAE04EC0-301F-11D3-BF4B-00C04F79EFBC}") = "AppService", "AppService\AppService.csproj", "{4CF2A697-05F3-4333-82B3-264EE00A4698}"
EndProject
Project("{2150E333-8FDC-42A3-9474-1A3956D46DE8}") = "DataAccess", "DataAccess", "{C81F3FDC-DC8A-4EAD-BD00-16DC20AD329F}"
EndProject
Project("{2150E333-8FDC-42A3-9474-1A3956D46DE8}") = "Database", "Database", "{FF619161-6B12-4D5A-9D59-B228892AC5B8}"
EndProject
Project("{FAE04EC0-301F-11D3-BF4B-00C04F79EFBC}") = "EF", "EF\EF.csproj", "{2EC30AF4-55D4-49D5-A077-98FEDBE31BA0}"
EndProject
Project("{FAE04EC0-301F-11D3-BF4B-00C04F79EFBC}") = "AppDBContext", "AppDBContext\AppDBContext.csproj", "{2AB46E23-03D0-4359-BDF4-9AD7771C24FF}"
EndProject
Global
	GlobalSection(SolutionConfigurationPlatforms) = preSolution
		Debug|Any CPU = Debug|Any CPU
		Release|Any CPU = Release|Any CPU
	EndGlobalSection
	GlobalSection(ProjectConfigurationPlatforms) = postSolution
		{FE9AF5FA-B0F2-4780-AB89-D31761795933}.Debug|Any CPU.ActiveCfg = Debug|Any CPU
		{FE9AF5FA-B0F2-4780-AB89-D31761795933}.Debug|Any CPU.Build.0 = Debug|Any CPU
		{FE9AF5FA-B0F2-4780-AB89-D31761795933}.Release|Any CPU.ActiveCfg = Release|Any CPU
		{FE9AF5FA-B0F2-4780-AB89-D31761795933}.Release|Any CPU.Build.0 = Release|Any CPU
		{174046A5-EC9C-4D41-8782-F6343118F485}.Debug|Any CPU.ActiveCfg = Debug|Any CPU
		{174046A5-EC9C-4D41-8782-F6343118F485}.Debug|Any CPU.Build.0 = Debug|Any CPU
		{174046A5-EC9C-4D41-8782-F6343118F485}.Release|Any CPU.ActiveCfg = Release|Any CPU
		{174046A5-EC9C-4D41-8782-F6343118F485}.Release|Any CPU.Build.0 = Release|Any CPU
		{702E5DB1-49FA-48FC-8F35-E1E0CFF49B46}.Debug|Any CPU.ActiveCfg = Debug|Any CPU
		{702E5DB1-49FA-48FC-8F35-E1E0CFF49B46}.Debug|Any CPU.Build.0 = Debug|Any CPU
		{702E5DB1-49FA-48FC-8F35-E1E0CFF49B46}.Release|Any CPU.ActiveCfg = Release|Any CPU
		{702E5DB1-49FA-48FC-8F35-E1E0CFF49B46}.Release|Any CPU.Build.0 = Release|Any CPU
		{4CF2A697-05F3-4333-82B3-264EE00A4698}.Debug|Any CPU.ActiveCfg = Debug|Any CPU
		{4CF2A697-05F3-4333-82B3-264EE00A4698}.Debug|Any CPU.Build.0 = Debug|Any CPU
		{4CF2A697-05F3-4333-82B3-264EE00A4698}.Release|Any CPU.ActiveCfg = Release|Any CPU
		{4CF2A697-05F3-4333-82B3-264EE00A4698}.Release|Any CPU.Build.0 = Release|Any CPU
		{2EC30AF4-55D4-49D5-A077-98FEDBE31BA0}.Debug|Any CPU.ActiveCfg = Debug|Any CPU
		{2EC30AF4-55D4-49D5-A077-98FEDBE31BA0}.Debug|Any CPU.Build.0 = Debug|Any CPU
		{2EC30AF4-55D4-49D5-A077-98FEDBE31BA0}.Release|Any CPU.ActiveCfg = Release|Any CPU
		{2EC30AF4-55D4-49D5-A077-98FEDBE31BA0}.Release|Any CPU.Build.0 = Release|Any CPU
		{2AB46E23-03D0-4359-BDF4-9AD7771C24FF}.Debug|Any CPU.ActiveCfg = Debug|Any CPU
		{2AB46E23-03D0-4359-BDF4-9AD7771C24FF}.Debug|Any CPU.Build.0 = Debug|Any CPU
		{2AB46E23-03D0-4359-BDF4-9AD7771C24FF}.Release|Any CPU.ActiveCfg = Release|Any CPU
		{2AB46E23-03D0-4359-BDF4-9AD7771C24FF}.Release|Any CPU.Build.0 = Release|Any CPU
	EndGlobalSection
	GlobalSection(SolutionProperties) = preSolution
		HideSolutionNode = FALSE
	EndGlobalSection
	GlobalSection(NestedProjects) = preSolution
		{FE9AF5FA-B0F2-4780-AB89-D31761795933} = {58077BD7-7A1C-41D6-82C7-B6AC2E787388}
		{27B9F3D3-BC36-4289-ACF0-96E0C8B3D080} = {40CC6C3C-6802-430F-B41A-AE7BAEAA26DC}
		{DA42C1A8-62E9-4E03-A641-09D1D23C9785} = {40CC6C3C-6802-430F-B41A-AE7BAEAA26DC}
		{58077BD7-7A1C-41D6-82C7-B6AC2E787388} = {40CC6C3C-6802-430F-B41A-AE7BAEAA26DC}
		{99A2F7E2-3071-4538-B0DD-6418753E75D8} = {27B9F3D3-BC36-4289-ACF0-96E0C8B3D080}
		{6AE587F9-B93C-43C8-B615-6ED9F52FC3F3} = {27B9F3D3-BC36-4289-ACF0-96E0C8B3D080}
		{174046A5-EC9C-4D41-8782-F6343118F485} = {99A2F7E2-3071-4538-B0DD-6418753E75D8}
		{0EB47F6A-0888-4415-907A-54BA02C4D4B3} = {6AE587F9-B93C-43C8-B615-6ED9F52FC3F3}
		{3B17CAE9-CEA5-48BD-9C55-693AADD4BF4E} = {6AE587F9-B93C-43C8-B615-6ED9F52FC3F3}
		{702E5DB1-49FA-48FC-8F35-E1E0CFF49B46} = {0EB47F6A-0888-4415-907A-54BA02C4D4B3}
		{4CF2A697-05F3-4333-82B3-264EE00A4698} = {3B17CAE9-CEA5-48BD-9C55-693AADD4BF4E}
		{C81F3FDC-DC8A-4EAD-BD00-16DC20AD329F} = {DA42C1A8-62E9-4E03-A641-09D1D23C9785}
		{FF619161-6B12-4D5A-9D59-B228892AC5B8} = {DA42C1A8-62E9-4E03-A641-09D1D23C9785}
		{2EC30AF4-55D4-49D5-A077-98FEDBE31BA0} = {C81F3FDC-DC8A-4EAD-BD00-16DC20AD329F}
		{2AB46E23-03D0-4359-BDF4-9AD7771C24FF} = {FF619161-6B12-4D5A-9D59-B228892AC5B8}
	EndGlobalSection
	GlobalSection(ExtensibilityGlobals) = postSolution
		SolutionGuid = {522096D2-FE4C-4B3A-A893-EA30F505C2AE}
	EndGlobalSection
EndGlobal
